
Microsoft Visual Studio Solution File, Format Version 12.00
# Visual Studio 15
VisualStudioVersion = 15.0.28307.1145
MinimumVisualStudioVersion = 10.0.40219.1
Project("{8BC9CEB8-8B4A-11D0-8D11-00A0C91BC942}") = "test0720", "test0720\test0720.vcxproj", "{A866C87B-F4F3-4B37-B353-6F5C5E686FF6}"
EndProject
Global
	GlobalSection(SolutionConfigurationPlatforms) = preSolution
		Debug|x64 = Debug|x64
		Debug|x86 = Debug|x86
		Release|x64 = Release|x64
		Release|x86 = Release|x86
	EndGlobalSection
	GlobalSection(ProjectConfigurationPlatforms) = postSolution
		{A866C87B-F4F3-4B37-B353-6F5C5E686FF6}.Debug|x64.ActiveCfg = Debug|x64
		{A866C87B-F4F3-4B37-B353-6F5C5E686FF6}.Debug|x64.Build.0 = Debug|x64
		{A866C87B-F4F3-4B37-B353-6F5C5E686FF6}.Debug|x86.ActiveCfg = Debug|Win32
		{A866C87B-F4F3-4B37-B353-6F5C5E686FF6}.Debug|x86.Build.0 = Debug|Win32
		{A866C87B-F4F3-4B37-B353-6F5C5E686FF6}.Release|x64.ActiveCfg = Release|x64
		{A866C87B-F4F3-4B37-B353-6F5C5E686FF6}.Release|x64.Build.0 = Release|x64
		{A866C87B-F4F3-4B37-B353-6F5C5E686FF6}.Release|x86.ActiveCfg = Release|Win32
		{A866C87B-F4F3-4B37-B353-6F5C5E686FF6}.Release|x86.Build.0 = Release|Win32
	EndGlobalSection
	GlobalSection(SolutionProperties) = preSolution
		HideSolutionNode = FALSE
	EndGlobalSection
	GlobalSection(ExtensibilityGlobals) = postSolution
		SolutionGuid = {85B05257-92E9-4E6B-926A-2556A28E5908}
	EndGlobalSection
EndGlobal
